// !$*UTF8*$!
{
	archiveVersion = 1;
	classes = {
	};
	objectVersion = 50;
	objects = {

/* Begin PBXBuildFile section */
		C23DD3A823C3ACA300A344BA /* AppDelegate.swift in Sources */ = {isa = PBXBuildFile; fileRef = C23DD3A723C3ACA300A344BA /* AppDelegate.swift */; };
		C23DD3AA23C3ACA300A344BA /* SceneDelegate.swift in Sources */ = {isa = PBXBuildFile; fileRef = C23DD3A923C3ACA300A344BA /* SceneDelegate.swift */; };
		C23DD3AF23C3ACA300A344BA /* Main.storyboard in Resources */ = {isa = PBXBuildFile; fileRef = C23DD3AD23C3ACA300A344BA /* Main.storyboard */; };
		C23DD3B223C3ACA300A344BA /* Next_Adventure.xcdatamodeld in Sources */ = {isa = PBXBuildFile; fileRef = C23DD3B023C3ACA300A344BA /* Next_Adventure.xcdatamodeld */; };
		C23DD3B423C3ACA500A344BA /* Assets.xcassets in Resources */ = {isa = PBXBuildFile; fileRef = C23DD3B323C3ACA500A344BA /* Assets.xcassets */; };
		C23DD3B723C3ACA500A344BA /* LaunchScreen.storyboard in Resources */ = {isa = PBXBuildFile; fileRef = C23DD3B523C3ACA500A344BA /* LaunchScreen.storyboard */; };
		C2AB5AD723C78A0100D4DE16 /* ViewController.swift in Sources */ = {isa = PBXBuildFile; fileRef = C2AB5AD623C78A0100D4DE16 /* ViewController.swift */; };
		C2AB5AD923C9108000D4DE16 /* ListViewController.swift in Sources */ = {isa = PBXBuildFile; fileRef = C2AB5AD823C9108000D4DE16 /* ListViewController.swift */; };
/* End PBXBuildFile section */

/* Begin PBXFileReference section */
		C23DD3A423C3ACA300A344BA /* Next Adventure.app */ = {isa = PBXFileReference; explicitFileType = wrapper.application; includeInIndex = 0; path = "Next Adventure.app"; sourceTree = BUILT_PRODUCTS_DIR; };
		C23DD3A723C3ACA300A344BA /* AppDelegate.swift */ = {isa = PBXFileReference; lastKnownFileType = sourcecode.swift; path = AppDelegate.swift; sourceTree = "<group>"; };
		C23DD3A923C3ACA300A344BA /* SceneDelegate.swift */ = {isa = PBXFileReference; lastKnownFileType = sourcecode.swift; path = SceneDelegate.swift; sourceTree = "<group>"; };
		C23DD3AE23C3ACA300A344BA /* Base */ = {isa = PBXFileReference; lastKnownFileType = file.storyboard; name = Base; path = Base.lproj/Main.storyboard; sourceTree = "<group>"; };
		C23DD3B123C3ACA300A344BA /* Next_Adventure.xcdatamodel */ = {isa = PBXFileReference; lastKnownFileType = wrapper.xcdatamodel; path = Next_Adventure.xcdatamodel; sourceTree = "<group>"; };
		C23DD3B323C3ACA500A344BA /* Assets.xcassets */ = {isa = PBXFileReference; lastKnownFileType = folder.assetcatalog; path = Assets.xcassets; sourceTree = "<group>"; };
		C23DD3B623C3ACA500A344BA /* Base */ = {isa = PBXFileReference; lastKnownFileType = file.storyboard; name = Base; path = Base.lproj/LaunchScreen.storyboard; sourceTree = "<group>"; };
		C23DD3B823C3ACA500A344BA /* Info.plist */ = {isa = PBXFileReference; lastKnownFileType = text.plist.xml; path = Info.plist; sourceTree = "<group>"; };
		C2AB5AD623C78A0100D4DE16 /* ViewController.swift */ = {isa = PBXFileReference; fileEncoding = 4; lastKnownFileType = sourcecode.swift; path = ViewController.swift; sourceTree = "<group>"; };
		C2AB5AD823C9108000D4DE16 /* ListViewController.swift */ = {isa = PBXFileReference; lastKnownFileType = sourcecode.swift; path = ListViewController.swift; sourceTree = "<group>"; };
/* End PBXFileReference section */

/* Begin PBXFrameworksBuildPhase section */
		C23DD3A123C3ACA300A344BA /* Frameworks */ = {
			isa = PBXFrameworksBuildPhase;
			buildActionMask = 2147483647;
			files = (
			);
			runOnlyForDeploymentPostprocessing = 0;
		};
/* End PBXFrameworksBuildPhase section */

/* Begin PBXGroup section */
		C23DD39B23C3ACA300A344BA = {
			isa = PBXGroup;
			children = (
				C23DD3A623C3ACA300A344BA /* Next Adventure */,
				C23DD3A523C3ACA300A344BA /* Products */,
			);
			sourceTree = "<group>";
		};
		C23DD3A523C3ACA300A344BA /* Products */ = {
			isa = PBXGroup;
			children = (
				C23DD3A423C3ACA300A344BA /* Next Adventure.app */,
			);
			name = Products;
			sourceTree = "<group>";
		};
		C23DD3A623C3ACA300A344BA /* Next Adventure */ = {
			isa = PBXGroup;
			children = (
				C2AB5AD623C78A0100D4DE16 /* ViewController.swift */,
				C23DD3A723C3ACA300A344BA /* AppDelegate.swift */,
				C23DD3A923C3ACA300A344BA /* SceneDelegate.swift */,
				C2AB5AD823C9108000D4DE16 /* ListViewController.swift */,
				C23DD3AD23C3ACA300A344BA /* Main.storyboard */,
				C23DD3B323C3ACA500A344BA /* Assets.xcassets */,
				C23DD3B523C3ACA500A344BA /* LaunchScreen.storyboard */,
				C23DD3B823C3ACA500A344BA /* Info.plist */,
				C23DD3B023C3ACA300A344BA /* Next_Adventure.xcdatamodeld */,
			);
			path = "Next Adventure";
			sourceTree = "<group>";
		};
/* End PBXGroup section */

/* Begin PBXNativeTarget section */
		C23DD3A323C3ACA300A344BA /* Next Adventure */ = {
			isa = PBXNativeTarget;
			buildConfigurationList = C23DD3BB23C3ACA500A344BA /* Build configuration list for PBXNativeTarget "Next Adventure" */;
			buildPhases = (
				C23DD3A023C3ACA300A344BA /* Sources */,
				C23DD3A123C3ACA300A344BA /* Frameworks */,
				C23DD3A223C3ACA300A344BA /* Resources */,
			);
			buildRules = (
			);
			dependencies = (
			);
			name = "Next Adventure";
			productName = "Next Adventure";
			productReference = C23DD3A423C3ACA300A344BA /* Next Adventure.app */;
			productType = "com.apple.product-type.application";
		};
/* End PBXNativeTarget section */

/* Begin PBXProject section */
		C23DD39C23C3ACA300A344BA /* Project object */ = {
			isa = PBXProject;
			attributes = {
				LastSwiftUpdateCheck = 1130;
				LastUpgradeCheck = 1130;
				ORGANIZATIONNAME = "Mike Dix";
				TargetAttributes = {
					C23DD3A323C3ACA300A344BA = {
						CreatedOnToolsVersion = 11.3;
					};
				};
			};
			buildConfigurationList = C23DD39F23C3ACA300A344BA /* Build configuration list for PBXProject "Next Adventure" */;
			compatibilityVersion = "Xcode 9.3";
			developmentRegion = en;
			hasScannedForEncodings = 0;
			knownRegions = (
				en,
				Base,
			);
			mainGroup = C23DD39B23C3ACA300A344BA;
			productRefGroup = C23DD3A523C3ACA300A344BA /* Products */;
			projectDirPath = "";
			projectRoot = "";
			targets = (
				C23DD3A323C3ACA300A344BA /* Next Adventure */,
			);
		};
/* End PBXProject section */

/* Begin PBXResourcesBuildPhase section */
		C23DD3A223C3ACA300A344BA /* Resources */ = {
			isa = PBXResourcesBuildPhase;
			buildActionMask = 2147483647;
			files = (
				C23DD3B723C3ACA500A344BA /* LaunchScreen.storyboard in Resources */,
				C23DD3B423C3ACA500A344BA /* Assets.xcassets in Resources */,
				C23DD3AF23C3ACA300A344BA /* Main.storyboard in Resources */,
			);
			runOnlyForDeploymentPostprocessing = 0;
		};
/* End PBXResourcesBuildPhase section */

/* Begin PBXSourcesBuildPhase section */
		C23DD3A023C3ACA300A344BA /* Sources */ = {
			isa = PBXSourcesBuildPhase;
			buildActionMask = 2147483647;
			files = (
				C23DD3A823C3ACA300A344BA /* AppDelegate.swift in Sources */,
				C23DD3AA23C3ACA300A344BA /* SceneDelegate.swift in Sources */,
				C2AB5AD723C78A0100D4DE16 /* ViewController.swift in Sources */,
				C2AB5AD923C9108000D4DE16 /* ListViewController.swift in Sources */,
				C23DD3B223C3ACA300A344BA /* Next_Adventure.xcdatamodeld in Sources */,
			);
			runOnlyForDeploymentPostprocessing = 0;
		};
/* End PBXSourcesBuildPhase section */

/* Begin PBXVariantGroup section */
		C23DD3AD23C3ACA300A344BA /* Main.storyboard */ = {
			isa = PBXVariantGroup;
			children = (
				C23DD3AE23C3ACA300A344BA /* Base */,
			);
			name = Main.storyboard;
			sourceTree = "<group>";
		};
		C23DD3B523C3ACA500A344BA /* LaunchScreen.storyboard */ = {
			isa = PBXVariantGroup;
			children = (
				C23DD3B623C3ACA500A344BA /* Base */,
			);
			name = LaunchScreen.storyboard;
			sourceTree = "<group>";
		};
/* End PBXVariantGroup section */

/* Begin XCBuildConfiguration section */
		C23DD3B923C3ACA500A344BA /* Debug */ = {
			isa = XCBuildConfiguration;
			buildSettings = {
				ALWAYS_SEARCH_USER_PATHS = NO;
				CLANG_ANALYZER_NONNULL = YES;
				CLANG_ANALYZER_NUMBER_OBJECT_CONVERSION = YES_AGGRESSIVE;
				CLANG_CXX_LANGUAGE_STANDARD = "gnu++14";
				CLANG_CXX_LIBRARY = "libc++";
				CLANG_ENABLE_MODULES = YES;
				CLANG_ENABLE_OBJC_ARC = YES;
				CLANG_ENABLE_OBJC_WEAK = YES;
				CLANG_WARN_BLOCK_CAPTURE_AUTORELEASING = YES;
				CLANG_WARN_BOOL_CONVERSION = YES;
				CLANG_WARN_COMMA = YES;
				CLANG_WARN_CONSTANT_CONVERSION = YES;
				CLANG_WARN_DEPRECATED_OBJC_IMPLEMENTATIONS = YES;
				CLANG_WARN_DIRECT_OBJC_ISA_USAGE = YES_ERROR;
				CLANG_WARN_DOCUMENTATION_COMMENTS = YES;
				CLANG_WARN_EMPTY_BODY = YES;
				CLANG_WARN_ENUM_CONVERSION = YES;
				CLANG_WARN_INFINITE_RECURSION = YES;
				CLANG_WARN_INT_CONVERSION = YES;
				CLANG_WARN_NON_LITERAL_NULL_CONVERSION = YES;
				CLANG_WARN_OBJC_IMPLICIT_RETAIN_SELF = YES;
				CLANG_WARN_OBJC_LITERAL_CONVERSION = YES;
				CLANG_WARN_OBJC_ROOT_CLASS = YES_ERROR;
				CLANG_WARN_RANGE_LOOP_ANALYSIS = YES;
				CLANG_WARN_STRICT_PROTOTYPES = YES;
				CLANG_WARN_SUSPICIOUS_MOVE = YES;
				CLANG_WARN_UNGUARDED_AVAILABILITY = YES_AGGRESSIVE;
				CLANG_WARN_UNREACHABLE_CODE = YES;
				CLANG_WARN__DUPLICATE_METHOD_MATCH = YES;
				COPY_PHASE_STRIP = NO;
				DEBUG_INFORMATION_FORMAT = dwarf;
				ENABLE_STRICT_OBJC_MSGSEND = YES;
				ENABLE_TESTABILITY = YES;
				GCC_C_LANGUAGE_STANDARD = gnu11;
				GCC_DYNAMIC_NO_PIC = NO;
				GCC_NO_COMMON_BLOCKS = YES;
				GCC_OPTIMIZATION_LEVEL = 0;
				GCC_PREPROCESSOR_DEFINITIONS = (
					"DEBUG=1",
					"$(inherited)",
				);
				GCC_WARN_64_TO_32_BIT_CONVERSION = YES;
				GCC_WARN_ABOUT_RETURN_TYPE = YES_ERROR;
				GCC_WARN_UNDECLARED_SELECTOR = YES;
				GCC_WARN_UNINITIALIZED_AUTOS = YES_AGGRESSIVE;
				GCC_WARN_UNUSED_FUNCTION = YES;
				GCC_WARN_UNUSED_VARIABLE = YES;
				IPHONEOS_DEPLOYMENT_TARGET = 13.2;
				MTL_ENABLE_DEBUG_INFO = INCLUDE_SOURCE;
				MTL_FAST_MATH = YES;
				ONLY_ACTIVE_ARCH = YES;
				SDKROOT = iphoneos;
				SWIFT_ACTIVE_COMPILATION_CONDITIONS = DEBUG;
				SWIFT_OPTIMIZATION_LEVEL = "-O";
			};
			name = Debug;
		};
		C23DD3BA23C3ACA500A344BA /* Release */ = {
			isa = XCBuildConfiguration;
			buildSettings = {
				ALWAYS_SEARCH_USER_PATHS = NO;
				CLANG_ANALYZER_NONNULL = YES;
				CLANG_ANALYZER_NUMBER_OBJECT_CONVERSION = YES_AGGRESSIVE;
				CLANG_CXX_LANGUAGE_STANDARD = "gnu++14";
				CLANG_CXX_LIBRARY = "libc++";
				CLANG_ENABLE_MODULES = YES;
				CLANG_ENABLE_OBJC_ARC = YES;
				CLANG_ENABLE_OBJC_WEAK = YES;
				CLANG_WARN_BLOCK_CAPTURE_AUTORELEASING = YES;
				CLANG_WARN_BOOL_CONVERSION = YES;
				CLANG_WARN_COMMA = YES;
				CLANG_WARN_CONSTANT_CONVERSION = YES;
				CLANG_WARN_DEPRECATED_OBJC_IMPLEMENTATIONS = YES;
				CLANG_WARN_DIRECT_OBJC_ISA_USAGE = YES_ERROR;
				CLANG_WARN_DOCUMENTATION_COMMENTS = YES;
				CLANG_WARN_EMPTY_BODY = YES;
				CLANG_WARN_ENUM_CONVERSION = YES;
				CLANG_WARN_INFINITE_RECURSION = YES;
				CLANG_WARN_INT_CONVERSION = YES;
				CLANG_WARN_NON_LITERAL_NULL_CONVERSION = YES;
				CLANG_WARN_OBJC_IMPLICIT_RETAIN_SELF = YES;
				CLANG_WARN_OBJC_LITERAL_CONVERSION = YES;
				CLANG_WARN_OBJC_ROOT_CLASS = YES_ERROR;
				CLANG_WARN_RANGE_LOOP_ANALYSIS = YES;
				CLANG_WARN_STRICT_PROTOTYPES = YES;
				CLANG_WARN_SUSPICIOUS_MOVE = YES;
				CLANG_WARN_UNGUARDED_AVAILABILITY = YES_AGGRESSIVE;
				CLANG_WARN_UNREACHABLE_CODE = YES;
				CLANG_WARN__DUPLICATE_METHOD_MATCH = YES;
				COPY_PHASE_STRIP = NO;
				DEBUG_INFORMATION_FORMAT = "dwarf-with-dsym";
				ENABLE_NS_ASSERTIONS = NO;
				ENABLE_STRICT_OBJC_MSGSEND = YES;
				GCC_C_LANGUAGE_STANDARD = gnu11;
				GCC_NO_COMMON_BLOCKS = YES;
				GCC_WARN_64_TO_32_BIT_CONVERSION = YES;
				GCC_WARN_ABOUT_RETURN_TYPE = YES_ERROR;
				GCC_WARN_UNDECLARED_SELECTOR = YES;
				GCC_WARN_UNINITIALIZED_AUTOS = YES_AGGRESSIVE;
				GCC_WARN_UNUSED_FUNCTION = YES;
				GCC_WARN_UNUSED_VARIABLE = YES;
				IPHONEOS_DEPLOYMENT_TARGET = 13.2;
				MTL_ENABLE_DEBUG_INFO = NO;
				MTL_FAST_MATH = YES;
				SDKROOT = iphoneos;
				SWIFT_COMPILATION_MODE = wholemodule;
				SWIFT_OPTIMIZATION_LEVEL = "-O";
				VALIDATE_PRODUCT = YES;
			};
			name = Release;
		};
		C23DD3BC23C3ACA500A344BA /* Debug */ = {
			isa = XCBuildConfiguration;
			buildSettings = {
				ASSETCATALOG_COMPILER_APPICON_NAME = AppIcon;
				CODE_SIGN_STYLE = Automatic;
				DEVELOPMENT_TEAM = 3494AN3YUF;
				INFOPLIST_FILE = "Next Adventure/Info.plist";
				LD_RUNPATH_SEARCH_PATHS = (
					"$(inherited)",
					"@executable_path/Frameworks",
				);
				PRODUCT_BUNDLE_IDENTIFIER = "GodFlowDix.Next-Adventure";
				PRODUCT_NAME = "$(TARGET_NAME)";
				SWIFT_VERSION = 5.0;
				TARGETED_DEVICE_FAMILY = "1,2";
			};
			name = Debug;
		};
		C23DD3BD23C3ACA500A344BA /* Release */ = {
			isa = XCBuildConfiguration;
			buildSettings = {
				ASSETCATALOG_COMPILER_APPICON_NAME = AppIcon;
				CODE_SIGN_STYLE = Automatic;
				DEVELOPMENT_TEAM = 3494AN3YUF;
				INFOPLIST_FILE = "Next Adventure/Info.plist";
				LD_RUNPATH_SEARCH_PATHS = (
					"$(inherited)",
					"@executable_path/Frameworks",
				);
				PRODUCT_BUNDLE_IDENTIFIER = "GodFlowDix.Next-Adventure";
				PRODUCT_NAME = "$(TARGET_NAME)";
				SWIFT_VERSION = 5.0;
				TARGETED_DEVICE_FAMILY = "1,2";
			};
			name = Release;
		};
/* End XCBuildConfiguration section */

/* Begin XCConfigurationList section */
		C23DD39F23C3ACA300A344BA /* Build configuration list for PBXProject "Next Adventure" */ = {
			isa = XCConfigurationList;
			buildConfigurations = (
				C23DD3B923C3ACA500A344BA /* Debug */,
				C23DD3BA23C3ACA500A344BA /* Release */,
			);
			defaultConfigurationIsVisible = 0;
			defaultConfigurationName = Release;
		};
		C23DD3BB23C3ACA500A344BA /* Build configuration list for PBXNativeTarget "Next Adventure" */ = {
			isa = XCConfigurationList;
			buildConfigurations = (
				C23DD3BC23C3ACA500A344BA /* Debug */,
				C23DD3BD23C3ACA500A344BA /* Release */,
			);
			defaultConfigurationIsVisible = 0;
			defaultConfigurationName = Release;
		};
/* End XCConfigurationList section */

/* Begin XCVersionGroup section */
		C23DD3B023C3ACA300A344BA /* Next_Adventure.xcdatamodeld */ = {
			isa = XCVersionGroup;
			children = (
				C23DD3B123C3ACA300A344BA /* Next_Adventure.xcdatamodel */,
			);
			currentVersion = C23DD3B123C3ACA300A344BA /* Next_Adventure.xcdatamodel */;
			path = Next_Adventure.xcdatamodeld;
			sourceTree = "<group>";
			versionGroupType = wrapper.xcdatamodel;
		};
/* End XCVersionGroup section */
	};
	rootObject = C23DD39C23C3ACA300A344BA /* Project object */;
}
